PODS:
  - OpenSSL-Universal (1.0.1.i)
  - pjsip (2.3.0.4):
    - OpenSSL-Universal (= 1.0.1.i)

DEPENDENCIES:
  - pjsip (from `https://github.com/chebur/pjsip.git`)

EXTERNAL SOURCES:
  pjsip:
    :git: https://github.com/chebur/pjsip.git

SPEC CHECKSUMS:
  OpenSSL-Universal: 47c29b0c3e5b781ac74276a662c4fbe78ea5d4d8
  pjsip: ab53133e501747f5546e294a40c7eab33ef9ff07

COCOAPODS: 0.34.1
